
Microsoft Visual Studio Solution File, Format Version 12.00
# Visual Studio 15
Project("{FAE04EC0-301F-11D3-BF4B-00C04F79EFBC}") = "Sharp-Localization", "Sharp-Localization.csproj", "{A16FF1A0-2116-4666-A301-EDED3FA765B5}"
EndProject
Global
	GlobalSection(SolutionConfigurationPlatforms) = preSolution
		Debug|Any CPU = Debug|Any CPU
		Release|Any CPU = Release|Any CPU
	EndGlobalSection
	GlobalSection(ProjectConfigurationPlatforms) = postSolution
		{A16FF1A0-2116-4666-A301-EDED3FA765B5}.Debug|Any CPU.ActiveCfg = Debug|Any CPU
		{A16FF1A0-2116-4666-A301-EDED3FA765B5}.Debug|Any CPU.Build.0 = Debug|Any CPU
		{A16FF1A0-2116-4666-A301-EDED3FA765B5}.Release|Any CPU.ActiveCfg = Release|Any CPU
		{A16FF1A0-2116-4666-A301-EDED3FA765B5}.Release|Any CPU.Build.0 = Release|Any CPU
	EndGlobalSection
EndGlobal
